{
    "_readme": [
        "This file locks the dependencies of your project to a known state",
        "Read more about it at https://getcomposer.org/doc/01-basic-usage.md#installing-dependencies",
        "This file is @generated automatically"
    ],
    "content-hash": "3728f1c7d6af2b7979d803487c1c739e",
    "packages": [
        {
            "name": "gumlet/php-image-resize",
            "version": "1.7.0",
            "source": {
                "type": "git",
                "url": "https://github.com/gumlet/php-image-resize.git",
                "reference": "23b4e1e4b429c69b3025b050b8564065cbe18cda"
            },
            "dist": {
                "type": "zip",
                "url": "https://api.github.com/repos/gumlet/php-image-resize/zipball/23b4e1e4b429c69b3025b050b8564065cbe18cda",
                "reference": "23b4e1e4b429c69b3025b050b8564065cbe18cda",
                "shasum": ""
            },
            "require": {
                "ext-gd": "*",
                "php": ">=5.3.0"
            },
            "suggest": {
                "ext-exif": "Auto-rotate jpeg files"
            },
            "type": "library",
            "autoload": {
                "classmap": [
                    "lib"
                ]
            },
            "notification-url": "https://packagist.org/downloads/",
            "license": [
                "MIT"
            ],
            "authors": [
                {
                    "name": "Aditya Patadia",
                    "homepage": "http://aditya.patadia.org/"
                }
            ],
            "description": "PHP class to re-size and scale images",
            "homepage": "https://github.com/gumlet/php-image-resize",
            "keywords": [
                "image",
                "php",
                "resize",
                "scale"
            ],
            "support": {
                "issues": "https://github.com/gumlet/php-image-resize/issues",
                "source": "https://github.com/gumlet/php-image-resize/tree/1.7.0"
            },
            "time": "2018-01-14T09:22:51+00:00"
        },
        {
            "name": "marc1706/fast-image-size",
            "version": "v1.1.6",
            "source": {
                "type": "git",
                "url": "https://github.com/marc1706/fast-image-size.git",
                "reference": "3a3a2b036be20f43fa06ce00dfa754df503e6684"
            },
            "dist": {
                "type": "zip",
                "url": "https://api.github.com/repos/marc1706/fast-image-size/zipball/3a3a2b036be20f43fa06ce00dfa754df503e6684",
                "reference": "3a3a2b036be20f43fa06ce00dfa754df503e6684",
                "shasum": ""
            },
            "require": {
                "ext-mbstring": "*",
                "php": ">=5.3.0"
            },
            "require-dev": {
                "phpunit/phpunit": "^4.8"
            },
            "type": "library",
            "extra": {
                "branch-alias": {
                    "dev-master": "1.1.x-dev"
                }
            },
            "autoload": {
                "psr-4": {
                    "FastImageSize\\": "lib",
                    "FastImageSize\\tests\\": "tests"
                }
            },
            "notification-url": "https://packagist.org/downloads/",
            "license": [
                "MIT"
            ],
            "authors": [
                {
                    "name": "Marc Alexander",
                    "email": "admin@m-a-styles.de",
                    "homepage": "https://www.m-a-styles.de",
                    "role": "Developer"
                }
            ],
            "description": "fast-image-size is a PHP library that does almost everything PHP's getimagesize() does but without the large overhead of downloading the complete file.",
            "homepage": "https://www.m-a-styles.de",
            "keywords": [
                "fast",
                "getimagesize",
                "image",
                "imagesize",
                "php",
                "size"
            ],
            "support": {
                "issues": "https://github.com/marc1706/fast-image-size/issues",
                "source": "https://github.com/marc1706/fast-image-size/tree/v1.1.6"
            },
            "time": "2019-12-07T08:02:07+00:00"
        },
        {
            "name": "psr/cache",
            "version": "1.0.1",
            "source": {
                "type": "git",
                "url": "https://github.com/php-fig/cache.git",
                "reference": "d11b50ad223250cf17b86e38383413f5a6764bf8"
            },
            "dist": {
                "type": "zip",
                "url": "https://api.github.com/repos/php-fig/cache/zipball/d11b50ad223250cf17b86e38383413f5a6764bf8",
                "reference": "d11b50ad223250cf17b86e38383413f5a6764bf8",
                "shasum": ""
            },
            "require": {
                "php": ">=5.3.0"
            },
            "type": "library",
            "extra": {
                "branch-alias": {
                    "dev-master": "1.0.x-dev"
                }
            },
            "autoload": {
                "psr-4": {
                    "Psr\\Cache\\": "src/"
                }
            },
            "notification-url": "https://packagist.org/downloads/",
            "license": [
                "MIT"
            ],
            "authors": [
                {
                    "name": "PHP-FIG",
                    "homepage": "http://www.php-fig.org/"
                }
            ],
            "description": "Common interface for caching libraries",
            "keywords": [
                "cache",
                "psr",
                "psr-6"
            ],
            "support": {
                "source": "https://github.com/php-fig/cache/tree/master"
            },
            "time": "2016-08-06T20:24:11+00:00"
        },
        {
            "name": "psr/log",
            "version": "1.1.4",
            "source": {
                "type": "git",
                "url": "https://github.com/php-fig/log.git",
                "reference": "d49695b909c3b7628b6289db5479a1c204601f11"
            },
            "dist": {
                "type": "zip",
                "url": "https://api.github.com/repos/php-fig/log/zipball/d49695b909c3b7628b6289db5479a1c204601f11",
                "reference": "d49695b909c3b7628b6289db5479a1c204601f11",
                "shasum": ""
            },
            "require": {
                "php": ">=5.3.0"
            },
            "type": "library",
            "extra": {
                "branch-alias": {
                    "dev-master": "1.1.x-dev"
                }
            },
            "autoload": {
                "psr-4": {
                    "Psr\\Log\\": "Psr/Log/"
                }
            },
            "notification-url": "https://packagist.org/downloads/",
            "license": [
                "MIT"
            ],
            "authors": [
                {
                    "name": "PHP-FIG",
                    "homepage": "https://www.php-fig.org/"
                }
            ],
            "description": "Common interface for logging libraries",
            "homepage": "https://github.com/php-fig/log",
            "keywords": [
                "log",
                "psr",
                "psr-3"
            ],
            "support": {
                "source": "https://github.com/php-fig/log/tree/1.1.4"
            },
            "time": "2021-05-03T11:20:27+00:00"
        },
        {
            "name": "psr/simple-cache",
            "version": "1.0.1",
            "source": {
                "type": "git",
                "url": "https://github.com/php-fig/simple-cache.git",
                "reference": "408d5eafb83c57f6365a3ca330ff23aa4a5fa39b"
            },
            "dist": {
                "type": "zip",
                "url": "https://api.github.com/repos/php-fig/simple-cache/zipball/408d5eafb83c57f6365a3ca330ff23aa4a5fa39b",
                "reference": "408d5eafb83c57f6365a3ca330ff23aa4a5fa39b",
                "shasum": ""
            },
            "require": {
                "php": ">=5.3.0"
            },
            "type": "library",
            "extra": {
                "branch-alias": {
                    "dev-master": "1.0.x-dev"
                }
            },
            "autoload": {
                "psr-4": {
                    "Psr\\SimpleCache\\": "src/"
                }
            },
            "notification-url": "https://packagist.org/downloads/",
            "license": [
                "MIT"
            ],
            "authors": [
                {
                    "name": "PHP-FIG",
                    "homepage": "http://www.php-fig.org/"
                }
            ],
            "description": "Common interfaces for simple caching",
            "keywords": [
                "cache",
                "caching",
                "psr",
                "psr-16",
                "simple-cache"
            ],
            "support": {
                "source": "https://github.com/php-fig/simple-cache/tree/master"
            },
            "time": "2017-10-23T01:57:42+00:00"
        },
        {
            "name": "symfony/cache",
            "version": "v3.3.18",
            "source": {
                "type": "git",
                "url": "https://github.com/symfony/cache.git",
                "reference": "d889864ed4fe0fdf6b707cfa49ba641a2687e3d5"
            },
            "dist": {
                "type": "zip",
                "url": "https://api.github.com/repos/symfony/cache/zipball/d889864ed4fe0fdf6b707cfa49ba641a2687e3d5",
                "reference": "d889864ed4fe0fdf6b707cfa49ba641a2687e3d5",
                "shasum": ""
            },
            "require": {
                "php": "^5.5.9|>=7.0.8",
                "psr/cache": "~1.0",
                "psr/log": "~1.0",
                "psr/simple-cache": "^1.0",
                "symfony/polyfill-apcu": "~1.1"
            },
            "conflict": {
                "symfony/var-dumper": "<3.3"
            },
            "provide": {
                "psr/cache-implementation": "1.0",
                "psr/simple-cache-implementation": "1.0"
            },
            "require-dev": {
                "cache/integration-tests": "dev-master",
                "doctrine/cache": "~1.6",
                "doctrine/dbal": "~2.4",
                "predis/predis": "~1.0"
            },
            "type": "library",
            "extra": {
                "branch-alias": {
                    "dev-master": "3.3-dev"
                }
            },
            "autoload": {
                "psr-4": {
                    "Symfony\\Component\\Cache\\": ""
                },
                "exclude-from-classmap": [
                    "/Tests/"
                ]
            },
            "notification-url": "https://packagist.org/downloads/",
            "license": [
                "MIT"
            ],
            "authors": [
                {
                    "name": "Nicolas Grekas",
                    "email": "p@tchwork.com"
                },
                {
                    "name": "Symfony Community",
                    "homepage": "https://symfony.com/contributors"
                }
            ],
            "description": "Symfony Cache component with PSR-6, PSR-16, and tags",
            "homepage": "https://symfony.com",
            "keywords": [
                "caching",
                "psr6"
            ],
            "support": {
                "source": "https://github.com/symfony/cache/tree/3.3"
            },
            "time": "2018-01-17T13:30:10+00:00"
        },
        {
            "name": "symfony/polyfill-apcu",
            "version": "v1.23.0",
            "source": {
                "type": "git",
                "url": "https://github.com/symfony/polyfill-apcu.git",
                "reference": "80f7fb64c5b64ebcba76f40215e63808a2062a18"
            },
            "dist": {
                "type": "zip",
                "url": "https://api.github.com/repos/symfony/polyfill-apcu/zipball/80f7fb64c5b64ebcba76f40215e63808a2062a18",
                "reference": "80f7fb64c5b64ebcba76f40215e63808a2062a18",
                "shasum": ""
            },
            "require": {
                "php": ">=7.1"
            },
            "type": "library",
            "extra": {
                "branch-alias": {
                    "dev-main": "1.23-dev"
                },
                "thanks": {
                    "name": "symfony/polyfill",
                    "url": "https://github.com/symfony/polyfill"
                }
            },
            "autoload": {
                "psr-4": {
                    "Symfony\\Polyfill\\Apcu\\": ""
                },
                "files": [
                    "bootstrap.php"
                ]
            },
            "notification-url": "https://packagist.org/downloads/",
            "license": [
                "MIT"
            ],
            "authors": [
                {
                    "name": "Nicolas Grekas",
                    "email": "p@tchwork.com"
                },
                {
                    "name": "Symfony Community",
                    "homepage": "https://symfony.com/contributors"
                }
            ],
            "description": "Symfony polyfill backporting apcu_* functions to lower PHP versions",
            "homepage": "https://symfony.com",
            "keywords": [
                "apcu",
                "compatibility",
                "polyfill",
                "portable",
                "shim"
            ],
            "support": {
                "source": "https://github.com/symfony/polyfill-apcu/tree/v1.23.0"
            },
            "funding": [
                {
                    "url": "https://symfony.com/sponsor",
                    "type": "custom"
                },
                {
                    "url": "https://github.com/fabpot",
                    "type": "github"
                },
                {
                    "url": "https://tidelift.com/funding/github/packagist/symfony/symfony",
                    "type": "tidelift"
                }
            ],
            "time": "2021-02-19T12:13:01+00:00"
        },
        {
            "name": "symfony/polyfill-mbstring",
            "version": "v1.23.1",
            "source": {
                "type": "git",
                "url": "https://github.com/symfony/polyfill-mbstring.git",
                "reference": "9174a3d80210dca8daa7f31fec659150bbeabfc6"
            },
            "dist": {
                "type": "zip",
                "url": "https://api.github.com/repos/symfony/polyfill-mbstring/zipball/9174a3d80210dca8daa7f31fec659150bbeabfc6",
                "reference": "9174a3d80210dca8daa7f31fec659150bbeabfc6",
                "shasum": ""
            },
            "require": {
                "php": ">=7.1"
            },
            "suggest": {
                "ext-mbstring": "For best performance"
            },
            "type": "library",
            "extra": {
                "branch-alias": {
                    "dev-main": "1.23-dev"
                },
                "thanks": {
                    "name": "symfony/polyfill",
                    "url": "https://github.com/symfony/polyfill"
                }
            },
            "autoload": {
                "psr-4": {
                    "Symfony\\Polyfill\\Mbstring\\": ""
                },
                "files": [
                    "bootstrap.php"
                ]
            },
            "notification-url": "https://packagist.org/downloads/",
            "license": [
                "MIT"
            ],
            "authors": [
                {
                    "name": "Nicolas Grekas",
                    "email": "p@tchwork.com"
                },
                {
                    "name": "Symfony Community",
                    "homepage": "https://symfony.com/contributors"
                }
            ],
            "description": "Symfony polyfill for the Mbstring extension",
            "homepage": "https://symfony.com",
            "keywords": [
                "compatibility",
                "mbstring",
                "polyfill",
                "portable",
                "shim"
            ],
            "support": {
                "source": "https://github.com/symfony/polyfill-mbstring/tree/v1.23.1"
            },
            "funding": [
                {
                    "url": "https://symfony.com/sponsor",
                    "type": "custom"
                },
                {
                    "url": "https://github.com/fabpot",
                    "type": "github"
                },
                {
                    "url": "https://tidelift.com/funding/github/packagist/symfony/symfony",
                    "type": "tidelift"
                }
            ],
            "time": "2021-05-27T12:26:48+00:00"
        },
        {
            "name": "symfony/var-dumper",
            "version": "v3.3.18",
            "source": {
                "type": "git",
                "url": "https://github.com/symfony/var-dumper.git",
                "reference": "cecebf98682c1a30d224a0423247259aa6c62483"
            },
            "dist": {
                "type": "zip",
                "url": "https://api.github.com/repos/symfony/var-dumper/zipball/cecebf98682c1a30d224a0423247259aa6c62483",
                "reference": "cecebf98682c1a30d224a0423247259aa6c62483",
                "shasum": ""
            },
            "require": {
                "php": "^5.5.9|>=7.0.8",
                "symfony/polyfill-mbstring": "~1.0"
            },
            "conflict": {
                "phpunit/phpunit": "<4.8.35|<5.4.3,>=5.0"
            },
            "require-dev": {
                "ext-iconv": "*",
                "twig/twig": "~1.34|~2.4"
            },
            "suggest": {
                "ext-iconv": "To convert non-UTF-8 strings to UTF-8 (or symfony/polyfill-iconv in case ext-iconv cannot be used).",
                "ext-symfony_debug": ""
            },
            "type": "library",
            "extra": {
                "branch-alias": {
                    "dev-master": "3.3-dev"
                }
            },
            "autoload": {
                "files": [
                    "Resources/functions/dump.php"
                ],
                "psr-4": {
                    "Symfony\\Component\\VarDumper\\": ""
                },
                "exclude-from-classmap": [
                    "/Tests/"
                ]
            },
            "notification-url": "https://packagist.org/downloads/",
            "license": [
                "MIT"
            ],
            "authors": [
                {
                    "name": "Nicolas Grekas",
                    "email": "p@tchwork.com"
                },
                {
                    "name": "Symfony Community",
                    "homepage": "https://symfony.com/contributors"
                }
            ],
            "description": "Symfony mechanism for exploring and dumping PHP variables",
            "homepage": "https://symfony.com",
            "keywords": [
                "debug",
                "dump"
            ],
            "support": {
                "source": "https://github.com/symfony/var-dumper/tree/3.3"
            },
            "time": "2018-01-29T09:02:23+00:00"
        },
        {
            "name": "vajiral/php-image-compare",
            "version": "1.0.1",
            "source": {
                "type": "git",
                "url": "https://github.com/vajiralasantha/PHP-Image-Compare.git",
                "reference": "9ea466236c91b8bfa169b3459e3089d2f4b31f7e"
            },
            "dist": {
                "type": "zip",
                "url": "https://api.github.com/repos/vajiralasantha/PHP-Image-Compare/zipball/9ea466236c91b8bfa169b3459e3089d2f4b31f7e",
                "reference": "9ea466236c91b8bfa169b3459e3089d2f4b31f7e",
                "shasum": ""
            },
            "require": {
                "ext-gd": "*",
                "php": "^5.5.9 || ^7.0"
            },
            "type": "library",
            "autoload": {
                "psr-4": {
                    "BigV\\": "src/"
                }
            },
            "notification-url": "https://packagist.org/downloads/",
            "license": [
                "MIT"
            ],
            "authors": [
                {
                    "name": "Vajira Lasantha",
                    "email": "vajee555@gmail.com"
                }
            ],
            "description": "A light weight PHP class that can compare two (jpg/png) images to find if they are similar.",
            "keywords": [
                "PHP Library",
                "image",
                "image compare",
                "jpg",
                "lightweight",
                "png"
            ],
            "support": {
                "issues": "https://github.com/vajiralasantha/PHP-Image-Compare/issues",
                "source": "https://github.com/vajiralasantha/PHP-Image-Compare/tree/1.0.1"
            },
            "time": "2017-05-04T01:48:54+00:00"
        },
        {
            "name": "yncki/php-fast-image-compare",
            "version": "v1.0.6",
            "source": {
                "type": "git",
                "url": "https://github.com/yncki/FastImageCompare.git",
                "reference": "5e8e155a61c7d4c439299948e01b60b501d0ef9e"
            },
            "dist": {
                "type": "zip",
                "url": "https://api.github.com/repos/yncki/FastImageCompare/zipball/5e8e155a61c7d4c439299948e01b60b501d0ef9e",
                "reference": "5e8e155a61c7d4c439299948e01b60b501d0ef9e",
                "shasum": ""
            },
            "require": {
                "ext-gd": "*",
                "ext-imagick": "*",
                "gumlet/php-image-resize": "1.7.0",
                "marc1706/fast-image-size": "^1.1",
                "php": ">=5.6.0",
                "symfony/cache": "v3.3.*",
                "symfony/var-dumper": "v3.3.*"
            },
            "require-dev": {
                "phpunit/phpunit": "^5"
            },
            "type": "library",
            "autoload": {
                "psr-4": {
                    "pepeEpe\\FastImageCompare\\": "src"
                }
            },
            "notification-url": "https://packagist.org/downloads/",
            "license": [
                "MIT"
            ],
            "authors": [
                {
                    "name": "Paweł Plewa",
                    "email": "pawel.plewa@gmail.com"
                }
            ],
            "description": "Image Comparer with different aspect ratios and sizes. Can extract duplicate and unique images in directory and much more.",
            "keywords": [
                "compare",
                "duplicate",
                "image",
                "php",
                "unique"
            ],
            "support": {
                "issues": "https://github.com/yncki/FastImageCompare/issues",
                "source": "https://github.com/yncki/FastImageCompare/tree/master"
            },
            "time": "2018-02-28T13:22:04+00:00"
        }
    ],
    "packages-dev": [],
    "aliases": [],
    "minimum-stability": "stable",
    "stability-flags": [],
    "prefer-stable": false,
    "prefer-lowest": false,
    "platform": [],
    "platform-dev": [],
    "plugin-api-version": "2.1.0"
}
